
Microsoft Visual Studio Solution File, Format Version 12.00
# Visual Studio Version 17
VisualStudioVersion = 17.10.34928.147
MinimumVisualStudioVersion = 10.0.40219.1
Project("{9A19103F-16F7-4668-BE54-9A1E7A4F7556}") = "JourneyControl.GUI", "JourneyControl\JourneyControl.GUI.csproj", "{0B938738-588A-47F4-A778-5FC3E4F2A559}"
EndProject
Project("{9A19103F-16F7-4668-BE54-9A1E7A4F7556}") = "JourneyControl.Infra.DB", "JourneyControl.Infra.DB\JourneyControl.Infra.DB.csproj", "{6F2F8297-0086-4221-9FEA-DC23F893E39C}"
EndProject
Project("{9A19103F-16F7-4668-BE54-9A1E7A4F7556}") = "JourneyControl.Application", "JourneyControl.Application\JourneyControl.Application.csproj", "{DE8C6930-0679-486E-9634-952123CB3B42}"
EndProject
Project("{9A19103F-16F7-4668-BE54-9A1E7A4F7556}") = "JourneyControl.Infra.Windows", "JourneyControl.Infra.Windows\JourneyControl.Infra.Windows.csproj", "{4A6C151D-4F4A-4EB6-9DCC-4F870CDC6567}"
EndProject
Project("{FAE04EC0-301F-11D3-BF4B-00C04F79EFBC}") = "JourneyControl.Infra.WindowsWorker", "JourneyControl.Infra.WindowsWorker\JourneyControl.Infra.WindowsWorker.csproj", "{910D36EE-BDED-4D25-9E98-08729158C4FB}"
EndProject
Global
	GlobalSection(SolutionConfigurationPlatforms) = preSolution
		Debug|Any CPU = Debug|Any CPU
		Release|Any CPU = Release|Any CPU
	EndGlobalSection
	GlobalSection(ProjectConfigurationPlatforms) = postSolution
		{0B938738-588A-47F4-A778-5FC3E4F2A559}.Debug|Any CPU.ActiveCfg = Debug|Any CPU
		{0B938738-588A-47F4-A778-5FC3E4F2A559}.Debug|Any CPU.Build.0 = Debug|Any CPU
		{0B938738-588A-47F4-A778-5FC3E4F2A559}.Release|Any CPU.ActiveCfg = Release|Any CPU
		{0B938738-588A-47F4-A778-5FC3E4F2A559}.Release|Any CPU.Build.0 = Release|Any CPU
		{6F2F8297-0086-4221-9FEA-DC23F893E39C}.Debug|Any CPU.ActiveCfg = Debug|Any CPU
		{6F2F8297-0086-4221-9FEA-DC23F893E39C}.Debug|Any CPU.Build.0 = Debug|Any CPU
		{6F2F8297-0086-4221-9FEA-DC23F893E39C}.Release|Any CPU.ActiveCfg = Release|Any CPU
		{6F2F8297-0086-4221-9FEA-DC23F893E39C}.Release|Any CPU.Build.0 = Release|Any CPU
		{DE8C6930-0679-486E-9634-952123CB3B42}.Debug|Any CPU.ActiveCfg = Debug|Any CPU
		{DE8C6930-0679-486E-9634-952123CB3B42}.Debug|Any CPU.Build.0 = Debug|Any CPU
		{DE8C6930-0679-486E-9634-952123CB3B42}.Release|Any CPU.ActiveCfg = Release|Any CPU
		{DE8C6930-0679-486E-9634-952123CB3B42}.Release|Any CPU.Build.0 = Release|Any CPU
		{4A6C151D-4F4A-4EB6-9DCC-4F870CDC6567}.Debug|Any CPU.ActiveCfg = Debug|Any CPU
		{4A6C151D-4F4A-4EB6-9DCC-4F870CDC6567}.Debug|Any CPU.Build.0 = Debug|Any CPU
		{4A6C151D-4F4A-4EB6-9DCC-4F870CDC6567}.Release|Any CPU.ActiveCfg = Release|Any CPU
		{4A6C151D-4F4A-4EB6-9DCC-4F870CDC6567}.Release|Any CPU.Build.0 = Release|Any CPU
		{910D36EE-BDED-4D25-9E98-08729158C4FB}.Debug|Any CPU.ActiveCfg = Debug|Any CPU
		{910D36EE-BDED-4D25-9E98-08729158C4FB}.Debug|Any CPU.Build.0 = Debug|Any CPU
		{910D36EE-BDED-4D25-9E98-08729158C4FB}.Release|Any CPU.ActiveCfg = Release|Any CPU
		{910D36EE-BDED-4D25-9E98-08729158C4FB}.Release|Any CPU.Build.0 = Release|Any CPU
	EndGlobalSection
	GlobalSection(SolutionProperties) = preSolution
		HideSolutionNode = FALSE
	EndGlobalSection
	GlobalSection(ExtensibilityGlobals) = postSolution
		SolutionGuid = {2FB83D82-C277-4626-B54A-B9F5B96ECE4B}
	EndGlobalSection
EndGlobal
